// !$*UTF8*$!
{
	archiveVersion = 1;
	classes = {
	};
	objectVersion = 46;
	objects = {

/* Begin PBXBuildFile section */
		5C7D94035ECE8647D6CAA258 /* libPods-CodingChallengeSmule.a in Frameworks */ = {isa = PBXBuildFile; fileRef = 950874547B6A0FEE4C20CC3D /* libPods-CodingChallengeSmule.a */; };
		6248B1C01B41F59700395006 /* main.m in Sources */ = {isa = PBXBuildFile; fileRef = 6248B1BF1B41F59700395006 /* main.m */; };
		6248B1C31B41F59700395006 /* AppDelegate.m in Sources */ = {isa = PBXBuildFile; fileRef = 6248B1C21B41F59700395006 /* AppDelegate.m */; };
		6248B1C61B41F59700395006 /* CodingChallengeSmule.xcdatamodeld in Sources */ = {isa = PBXBuildFile; fileRef = 6248B1C41B41F59700395006 /* CodingChallengeSmule.xcdatamodeld */; };
		6248B1C91B41F59700395006 /* TableViewController.m in Sources */ = {isa = PBXBuildFile; fileRef = 6248B1C81B41F59700395006 /* TableViewController.m */; };
		6248B1CC1B41F59700395006 /* Main.storyboard in Resources */ = {isa = PBXBuildFile; fileRef = 6248B1CA1B41F59700395006 /* Main.storyboard */; };
		6248B1CE1B41F59700395006 /* Images.xcassets in Resources */ = {isa = PBXBuildFile; fileRef = 6248B1CD1B41F59700395006 /* Images.xcassets */; };
		6248B1D11B41F59700395006 /* LaunchScreen.xib in Resources */ = {isa = PBXBuildFile; fileRef = 6248B1CF1B41F59700395006 /* LaunchScreen.xib */; };
		6248B1DD1B41F59700395006 /* CodingChallengeSmuleTests.m in Sources */ = {isa = PBXBuildFile; fileRef = 6248B1DC1B41F59700395006 /* CodingChallengeSmuleTests.m */; };
		6248B1EB1B41FCB600395006 /* ImageHelper.m in Sources */ = {isa = PBXBuildFile; fileRef = 6248B1EA1B41FCB600395006 /* ImageHelper.m */; };
		628909E31B4B5E9000E8EEEF /* MJCustomTableViewCell.m in Sources */ = {isa = PBXBuildFile; fileRef = 628909E21B4B5E9000E8EEEF /* MJCustomTableViewCell.m */; };
		6291C1211B4549EF00AD72AE /* CustomCollectionViewCell.m in Sources */ = {isa = PBXBuildFile; fileRef = 6291C1201B4549EF00AD72AE /* CustomCollectionViewCell.m */; };
/* End PBXBuildFile section */

/* Begin PBXContainerItemProxy section */
		6248B1D71B41F59700395006 /* PBXContainerItemProxy */ = {
			isa = PBXContainerItemProxy;
			containerPortal = 6248B1B21B41F59700395006 /* Project object */;
			proxyType = 1;
			remoteGlobalIDString = 6248B1B91B41F59700395006;
			remoteInfo = CodingChallengeSmule;
		};
/* End PBXContainerItemProxy section */

/* Begin PBXFileReference section */
		4FFB4BA3BAD3694420DFAACC /* Pods-CodingChallengeSmule.debug.xcconfig */ = {isa = PBXFileReference; includeInIndex = 1; lastKnownFileType = text.xcconfig; name = "Pods-CodingChallengeSmule.debug.xcconfig"; path = "Pods/Target Support Files/Pods-CodingChallengeSmule/Pods-CodingChallengeSmule.debug.xcconfig"; sourceTree = "<group>"; };
		6248B1BA1B41F59700395006 /* CodingChallengeSmule.app */ = {isa = PBXFileReference; explicitFileType = wrapper.application; includeInIndex = 0; path = CodingChallengeSmule.app; sourceTree = BUILT_PRODUCTS_DIR; };
		6248B1BE1B41F59700395006 /* Info.plist */ = {isa = PBXFileReference; lastKnownFileType = text.plist.xml; path = Info.plist; sourceTree = "<group>"; };
		6248B1BF1B41F59700395006 /* main.m */ = {isa = PBXFileReference; lastKnownFileType = sourcecode.c.objc; path = main.m; sourceTree = "<group>"; };
		6248B1C11B41F59700395006 /* AppDelegate.h */ = {isa = PBXFileReference; lastKnownFileType = sourcecode.c.h; path = AppDelegate.h; sourceTree = "<group>"; };
		6248B1C21B41F59700395006 /* AppDelegate.m */ = {isa = PBXFileReference; lastKnownFileType = sourcecode.c.objc; path = AppDelegate.m; sourceTree = "<group>"; };
		6248B1C51B41F59700395006 /* CodingChallengeSmule.xcdatamodel */ = {isa = PBXFileReference; lastKnownFileType = wrapper.xcdatamodel; path = CodingChallengeSmule.xcdatamodel; sourceTree = "<group>"; };
		6248B1C71B41F59700395006 /* TableViewController.h */ = {isa = PBXFileReference; lastKnownFileType = sourcecode.c.h; path = TableViewController.h; sourceTree = "<group>"; };
		6248B1C81B41F59700395006 /* TableViewController.m */ = {isa = PBXFileReference; lastKnownFileType = sourcecode.c.objc; path = TableViewController.m; sourceTree = "<group>"; };
		6248B1CB1B41F59700395006 /* Base */ = {isa = PBXFileReference; lastKnownFileType = file.storyboard; name = Base; path = Base.lproj/Main.storyboard; sourceTree = "<group>"; };
		6248B1CD1B41F59700395006 /* Images.xcassets */ = {isa = PBXFileReference; lastKnownFileType = folder.assetcatalog; path = Images.xcassets; sourceTree = "<group>"; };
		6248B1D01B41F59700395006 /* Base */ = {isa = PBXFileReference; lastKnownFileType = file.xib; name = Base; path = Base.lproj/LaunchScreen.xib; sourceTree = "<group>"; };
		6248B1D61B41F59700395006 /* CodingChallengeSmuleTests.xctest */ = {isa = PBXFileReference; explicitFileType = wrapper.cfbundle; includeInIndex = 0; path = CodingChallengeSmuleTests.xctest; sourceTree = BUILT_PRODUCTS_DIR; };
		6248B1DB1B41F59700395006 /* Info.plist */ = {isa = PBXFileReference; lastKnownFileType = text.plist.xml; path = Info.plist; sourceTree = "<group>"; };
		6248B1DC1B41F59700395006 /* CodingChallengeSmuleTests.m */ = {isa = PBXFileReference; lastKnownFileType = sourcecode.c.objc; path = CodingChallengeSmuleTests.m; sourceTree = "<group>"; };
		6248B1E91B41FCB600395006 /* ImageHelper.h */ = {isa = PBXFileReference; fileEncoding = 4; lastKnownFileType = sourcecode.c.h; path = ImageHelper.h; sourceTree = "<group>"; };
		6248B1EA1B41FCB600395006 /* ImageHelper.m */ = {isa = PBXFileReference; fileEncoding = 4; lastKnownFileType = sourcecode.c.objc; path = ImageHelper.m; sourceTree = "<group>"; };
		628909E11B4B5E9000E8EEEF /* MJCustomTableViewCell.h */ = {isa = PBXFileReference; fileEncoding = 4; lastKnownFileType = sourcecode.c.h; path = MJCustomTableViewCell.h; sourceTree = "<group>"; };
		628909E21B4B5E9000E8EEEF /* MJCustomTableViewCell.m */ = {isa = PBXFileReference; fileEncoding = 4; lastKnownFileType = sourcecode.c.objc; path = MJCustomTableViewCell.m; sourceTree = "<group>"; };
		6291C11F1B4549EF00AD72AE /* CustomCollectionViewCell.h */ = {isa = PBXFileReference; fileEncoding = 4; lastKnownFileType = sourcecode.c.h; path = CustomCollectionViewCell.h; sourceTree = "<group>"; };
		6291C1201B4549EF00AD72AE /* CustomCollectionViewCell.m */ = {isa = PBXFileReference; fileEncoding = 4; lastKnownFileType = sourcecode.c.objc; path = CustomCollectionViewCell.m; sourceTree = "<group>"; };
		950874547B6A0FEE4C20CC3D /* libPods-CodingChallengeSmule.a */ = {isa = PBXFileReference; explicitFileType = archive.ar; includeInIndex = 0; path = "libPods-CodingChallengeSmule.a"; sourceTree = BUILT_PRODUCTS_DIR; };
		EE11A15E65B7BB031F385B12 /* Pods-CodingChallengeSmule.release.xcconfig */ = {isa = PBXFileReference; includeInIndex = 1; lastKnownFileType = text.xcconfig; name = "Pods-CodingChallengeSmule.release.xcconfig"; path = "Pods/Target Support Files/Pods-CodingChallengeSmule/Pods-CodingChallengeSmule.release.xcconfig"; sourceTree = "<group>"; };
/* End PBXFileReference section */

/* Begin PBXFrameworksBuildPhase section */
		6248B1B71B41F59700395006 /* Frameworks */ = {
			isa = PBXFrameworksBuildPhase;
			buildActionMask = 2147483647;
			files = (
				5C7D94035ECE8647D6CAA258 /* libPods-CodingChallengeSmule.a in Frameworks */,
			);
			runOnlyForDeploymentPostprocessing = 0;
		};
		6248B1D31B41F59700395006 /* Frameworks */ = {
			isa = PBXFrameworksBuildPhase;
			buildActionMask = 2147483647;
			files = (
			);
			runOnlyForDeploymentPostprocessing = 0;
		};
/* End PBXFrameworksBuildPhase section */

/* Begin PBXGroup section */
		0BA1F665D47B7E1FA0F87F33 /* Pods */ = {
			isa = PBXGroup;
			children = (
				4FFB4BA3BAD3694420DFAACC /* Pods-CodingChallengeSmule.debug.xcconfig */,
				EE11A15E65B7BB031F385B12 /* Pods-CodingChallengeSmule.release.xcconfig */,
			);
			name = Pods;
			sourceTree = "<group>";
		};
		2652C9E3DD5046B65F4B55B7 /* Frameworks */ = {
			isa = PBXGroup;
			children = (
				950874547B6A0FEE4C20CC3D /* libPods-CodingChallengeSmule.a */,
			);
			name = Frameworks;
			sourceTree = "<group>";
		};
		6248B1B11B41F59700395006 = {
			isa = PBXGroup;
			children = (
				6248B1BC1B41F59700395006 /* CodingChallengeSmule */,
				6248B1D91B41F59700395006 /* CodingChallengeSmuleTests */,
				6248B1BB1B41F59700395006 /* Products */,
				0BA1F665D47B7E1FA0F87F33 /* Pods */,
				2652C9E3DD5046B65F4B55B7 /* Frameworks */,
			);
			sourceTree = "<group>";
		};
		6248B1BB1B41F59700395006 /* Products */ = {
			isa = PBXGroup;
			children = (
				6248B1BA1B41F59700395006 /* CodingChallengeSmule.app */,
				6248B1D61B41F59700395006 /* CodingChallengeSmuleTests.xctest */,
			);
			name = Products;
			sourceTree = "<group>";
		};
		6248B1BC1B41F59700395006 /* CodingChallengeSmule */ = {
			isa = PBXGroup;
			children = (
				6248B1E81B41FC6900395006 /* Models */,
				6248B1E71B41FC5F00395006 /* App Delegate */,
				6248B1E61B41FC4D00395006 /* View Controllers */,
				6248B1CA1B41F59700395006 /* Main.storyboard */,
				6248B1CD1B41F59700395006 /* Images.xcassets */,
				6248B1CF1B41F59700395006 /* LaunchScreen.xib */,
				6248B1C41B41F59700395006 /* CodingChallengeSmule.xcdatamodeld */,
				6248B1BD1B41F59700395006 /* Supporting Files */,
			);
			path = CodingChallengeSmule;
			sourceTree = "<group>";
		};
		6248B1BD1B41F59700395006 /* Supporting Files */ = {
			isa = PBXGroup;
			children = (
				6248B1BE1B41F59700395006 /* Info.plist */,
				6248B1BF1B41F59700395006 /* main.m */,
			);
			name = "Supporting Files";
			sourceTree = "<group>";
		};
		6248B1D91B41F59700395006 /* CodingChallengeSmuleTests */ = {
			isa = PBXGroup;
			children = (
				6248B1DC1B41F59700395006 /* CodingChallengeSmuleTests.m */,
				6248B1DA1B41F59700395006 /* Supporting Files */,
			);
			path = CodingChallengeSmuleTests;
			sourceTree = "<group>";
		};
		6248B1DA1B41F59700395006 /* Supporting Files */ = {
			isa = PBXGroup;
			children = (
				6248B1DB1B41F59700395006 /* Info.plist */,
			);
			name = "Supporting Files";
			sourceTree = "<group>";
		};
		6248B1E61B41FC4D00395006 /* View Controllers */ = {
			isa = PBXGroup;
			children = (
				6248B1C71B41F59700395006 /* TableViewController.h */,
				6248B1C81B41F59700395006 /* TableViewController.m */,
			);
			name = "View Controllers";
			sourceTree = "<group>";
		};
		6248B1E71B41FC5F00395006 /* App Delegate */ = {
			isa = PBXGroup;
			children = (
				6248B1C11B41F59700395006 /* AppDelegate.h */,
				6248B1C21B41F59700395006 /* AppDelegate.m */,
			);
			name = "App Delegate";
			sourceTree = "<group>";
		};
		6248B1E81B41FC6900395006 /* Models */ = {
			isa = PBXGroup;
			children = (
				628909E11B4B5E9000E8EEEF /* MJCustomTableViewCell.h */,
				628909E21B4B5E9000E8EEEF /* MJCustomTableViewCell.m */,
				6248B1E91B41FCB600395006 /* ImageHelper.h */,
				6248B1EA1B41FCB600395006 /* ImageHelper.m */,
				6291C11F1B4549EF00AD72AE /* CustomCollectionViewCell.h */,
				6291C1201B4549EF00AD72AE /* CustomCollectionViewCell.m */,
			);
			name = Models;
			sourceTree = "<group>";
		};
/* End PBXGroup section */

/* Begin PBXNativeTarget section */
		6248B1B91B41F59700395006 /* CodingChallengeSmule */ = {
			isa = PBXNativeTarget;
			buildConfigurationList = 6248B1E01B41F59700395006 /* Build configuration list for PBXNativeTarget "CodingChallengeSmule" */;
			buildPhases = (
				9F53C5AF959B32F23DFFE51B /* Check Pods Manifest.lock */,
				6248B1B61B41F59700395006 /* Sources */,
				6248B1B71B41F59700395006 /* Frameworks */,
				6248B1B81B41F59700395006 /* Resources */,
				F7DCA6C0E53CB8534EFB313A /* Copy Pods Resources */,
			);
			buildRules = (
			);
			dependencies = (
			);
			name = CodingChallengeSmule;
			productName = CodingChallengeSmule;
			productReference = 6248B1BA1B41F59700395006 /* CodingChallengeSmule.app */;
			productType = "com.apple.product-type.application";
		};
		6248B1D51B41F59700395006 /* CodingChallengeSmuleTests */ = {
			isa = PBXNativeTarget;
			buildConfigurationList = 6248B1E31B41F59700395006 /* Build configuration list for PBXNativeTarget "CodingChallengeSmuleTests" */;
			buildPhases = (
				6248B1D21B41F59700395006 /* Sources */,
				6248B1D31B41F59700395006 /* Frameworks */,
				6248B1D41B41F59700395006 /* Resources */,
			);
			buildRules = (
			);
			dependencies = (
				6248B1D81B41F59700395006 /* PBXTargetDependency */,
			);
			name = CodingChallengeSmuleTests;
			productName = CodingChallengeSmuleTests;
			productReference = 6248B1D61B41F59700395006 /* CodingChallengeSmuleTests.xctest */;
			productType = "com.apple.product-type.bundle.unit-test";
		};
/* End PBXNativeTarget section */

/* Begin PBXProject section */
		6248B1B21B41F59700395006 /* Project object */ = {
			isa = PBXProject;
			attributes = {
				LastUpgradeCheck = 0630;
				ORGANIZATIONNAME = "Mary Jenel Myers";
				TargetAttributes = {
					6248B1B91B41F59700395006 = {
						CreatedOnToolsVersion = 6.3.2;
					};
					6248B1D51B41F59700395006 = {
						CreatedOnToolsVersion = 6.3.2;
						TestTargetID = 6248B1B91B41F59700395006;
					};
				};
			};
			buildConfigurationList = 6248B1B51B41F59700395006 /* Build configuration list for PBXProject "CodingChallengeSmule" */;
			compatibilityVersion = "Xcode 3.2";
			developmentRegion = English;
			hasScannedForEncodings = 0;
			knownRegions = (
				en,
				Base,
			);
			mainGroup = 6248B1B11B41F59700395006;
			productRefGroup = 6248B1BB1B41F59700395006 /* Products */;
			projectDirPath = "";
			projectRoot = "";
			targets = (
				6248B1B91B41F59700395006 /* CodingChallengeSmule */,
				6248B1D51B41F59700395006 /* CodingChallengeSmuleTests */,
			);
		};
/* End PBXProject section */

/* Begin PBXResourcesBuildPhase section */
		6248B1B81B41F59700395006 /* Resources */ = {
			isa = PBXResourcesBuildPhase;
			buildActionMask = 2147483647;
			files = (
				6248B1CC1B41F59700395006 /* Main.storyboard in Resources */,
				6248B1D11B41F59700395006 /* LaunchScreen.xib in Resources */,
				6248B1CE1B41F59700395006 /* Images.xcassets in Resources */,
			);
			runOnlyForDeploymentPostprocessing = 0;
		};
		6248B1D41B41F59700395006 /* Resources */ = {
			isa = PBXResourcesBuildPhase;
			buildActionMask = 2147483647;
			files = (
			);
			runOnlyForDeploymentPostprocessing = 0;
		};
/* End PBXResourcesBuildPhase section */

/* Begin PBXShellScriptBuildPhase section */
		9F53C5AF959B32F23DFFE51B /* Check Pods Manifest.lock */ = {
			isa = PBXShellScriptBuildPhase;
			buildActionMask = 2147483647;
			files = (
			);
			inputPaths = (
			);
			name = "Check Pods Manifest.lock";
			outputPaths = (
			);
			runOnlyForDeploymentPostprocessing = 0;
			shellPath = /bin/sh;
			shellScript = "diff \"${PODS_ROOT}/../Podfile.lock\" \"${PODS_ROOT}/Manifest.lock\" > /dev/null\nif [[ $? != 0 ]] ; then\n    cat << EOM\nerror: The sandbox is not in sync with the Podfile.lock. Run 'pod install' or update your CocoaPods installation.\nEOM\n    exit 1\nfi\n";
			showEnvVarsInLog = 0;
		};
		F7DCA6C0E53CB8534EFB313A /* Copy Pods Resources */ = {
			isa = PBXShellScriptBuildPhase;
			buildActionMask = 2147483647;
			files = (
			);
			inputPaths = (
			);
			name = "Copy Pods Resources";
			outputPaths = (
			);
			runOnlyForDeploymentPostprocessing = 0;
			shellPath = /bin/sh;
			shellScript = "\"${SRCROOT}/Pods/Target Support Files/Pods-CodingChallengeSmule/Pods-CodingChallengeSmule-resources.sh\"\n";
			showEnvVarsInLog = 0;
		};
/* End PBXShellScriptBuildPhase section */

/* Begin PBXSourcesBuildPhase section */
		6248B1B61B41F59700395006 /* Sources */ = {
			isa = PBXSourcesBuildPhase;
			buildActionMask = 2147483647;
			files = (
				6248B1C31B41F59700395006 /* AppDelegate.m in Sources */,
				6248B1C01B41F59700395006 /* main.m in Sources */,
				6248B1C91B41F59700395006 /* TableViewController.m in Sources */,
				6248B1C61B41F59700395006 /* CodingChallengeSmule.xcdatamodeld in Sources */,
				6291C1211B4549EF00AD72AE /* CustomCollectionViewCell.m in Sources */,
				6248B1EB1B41FCB600395006 /* ImageHelper.m in Sources */,
				628909E31B4B5E9000E8EEEF /* MJCustomTableViewCell.m in Sources */,
			);
			runOnlyForDeploymentPostprocessing = 0;
		};
		6248B1D21B41F59700395006 /* Sources */ = {
			isa = PBXSourcesBuildPhase;
			buildActionMask = 2147483647;
			files = (
				6248B1DD1B41F59700395006 /* CodingChallengeSmuleTests.m in Sources */,
			);
			runOnlyForDeploymentPostprocessing = 0;
		};
/* End PBXSourcesBuildPhase section */

/* Begin PBXTargetDependency section */
		6248B1D81B41F59700395006 /* PBXTargetDependency */ = {
			isa = PBXTargetDependency;
			target = 6248B1B91B41F59700395006 /* CodingChallengeSmule */;
			targetProxy = 6248B1D71B41F59700395006 /* PBXContainerItemProxy */;
		};
/* End PBXTargetDependency section */

/* Begin PBXVariantGroup section */
		6248B1CA1B41F59700395006 /* Main.storyboard */ = {
			isa = PBXVariantGroup;
			children = (
				6248B1CB1B41F59700395006 /* Base */,
			);
			name = Main.storyboard;
			sourceTree = "<group>";
		};
		6248B1CF1B41F59700395006 /* LaunchScreen.xib */ = {
			isa = PBXVariantGroup;
			children = (
				6248B1D01B41F59700395006 /* Base */,
			);
			name = LaunchScreen.xib;
			sourceTree = "<group>";
		};
/* End PBXVariantGroup section */

/* Begin XCBuildConfiguration section */
		6248B1DE1B41F59700395006 /* Debug */ = {
			isa = XCBuildConfiguration;
			buildSettings = {
				ALWAYS_SEARCH_USER_PATHS = NO;
				CLANG_CXX_LANGUAGE_STANDARD = "gnu++0x";
				CLANG_CXX_LIBRARY = "libc++";
				CLANG_ENABLE_MODULES = YES;
				CLANG_ENABLE_OBJC_ARC = YES;
				CLANG_WARN_BOOL_CONVERSION = YES;
				CLANG_WARN_CONSTANT_CONVERSION = YES;
				CLANG_WARN_DIRECT_OBJC_ISA_USAGE = YES_ERROR;
				CLANG_WARN_EMPTY_BODY = YES;
				CLANG_WARN_ENUM_CONVERSION = YES;
				CLANG_WARN_INT_CONVERSION = YES;
				CLANG_WARN_OBJC_ROOT_CLASS = YES_ERROR;
				CLANG_WARN_UNREACHABLE_CODE = YES;
				CLANG_WARN__DUPLICATE_METHOD_MATCH = YES;
				"CODE_SIGN_IDENTITY[sdk=iphoneos*]" = "iPhone Developer";
				COPY_PHASE_STRIP = NO;
				DEBUG_INFORMATION_FORMAT = "dwarf-with-dsym";
				ENABLE_STRICT_OBJC_MSGSEND = YES;
				GCC_C_LANGUAGE_STANDARD = gnu99;
				GCC_DYNAMIC_NO_PIC = NO;
				GCC_NO_COMMON_BLOCKS = YES;
				GCC_OPTIMIZATION_LEVEL = 0;
				GCC_PREPROCESSOR_DEFINITIONS = (
					"DEBUG=1",
					"$(inherited)",
				);
				GCC_SYMBOLS_PRIVATE_EXTERN = NO;
				GCC_WARN_64_TO_32_BIT_CONVERSION = YES;
				GCC_WARN_ABOUT_RETURN_TYPE = YES_ERROR;
				GCC_WARN_UNDECLARED_SELECTOR = YES;
				GCC_WARN_UNINITIALIZED_AUTOS = YES_AGGRESSIVE;
				GCC_WARN_UNUSED_FUNCTION = YES;
				GCC_WARN_UNUSED_VARIABLE = YES;
				IPHONEOS_DEPLOYMENT_TARGET = 8.3;
				MTL_ENABLE_DEBUG_INFO = YES;
				ONLY_ACTIVE_ARCH = YES;
				SDKROOT = iphoneos;
			};
			name = Debug;
		};
		6248B1DF1B41F59700395006 /* Release */ = {
			isa = XCBuildConfiguration;
			buildSettings = {
				ALWAYS_SEARCH_USER_PATHS = NO;
				CLANG_CXX_LANGUAGE_STANDARD = "gnu++0x";
				CLANG_CXX_LIBRARY = "libc++";
				CLANG_ENABLE_MODULES = YES;
				CLANG_ENABLE_OBJC_ARC = YES;
				CLANG_WARN_BOOL_CONVERSION = YES;
				CLANG_WARN_CONSTANT_CONVERSION = YES;
				CLANG_WARN_DIRECT_OBJC_ISA_USAGE = YES_ERROR;
				CLANG_WARN_EMPTY_BODY = YES;
				CLANG_WARN_ENUM_CONVERSION = YES;
				CLANG_WARN_INT_CONVERSION = YES;
				CLANG_WARN_OBJC_ROOT_CLASS = YES_ERROR;
				CLANG_WARN_UNREACHABLE_CODE = YES;
				CLANG_WARN__DUPLICATE_METHOD_MATCH = YES;
				"CODE_SIGN_IDENTITY[sdk=iphoneos*]" = "iPhone Developer";
				COPY_PHASE_STRIP = NO;
				DEBUG_INFORMATION_FORMAT = "dwarf-with-dsym";
				ENABLE_NS_ASSERTIONS = NO;
				ENABLE_STRICT_OBJC_MSGSEND = YES;
				GCC_C_LANGUAGE_STANDARD = gnu99;
				GCC_NO_COMMON_BLOCKS = YES;
				GCC_WARN_64_TO_32_BIT_CONVERSION = YES;
				GCC_WARN_ABOUT_RETURN_TYPE = YES_ERROR;
				GCC_WARN_UNDECLARED_SELECTOR = YES;
				GCC_WARN_UNINITIALIZED_AUTOS = YES_AGGRESSIVE;
				GCC_WARN_UNUSED_FUNCTION = YES;
				GCC_WARN_UNUSED_VARIABLE = YES;
				IPHONEOS_DEPLOYMENT_TARGET = 8.3;
				MTL_ENABLE_DEBUG_INFO = NO;
				SDKROOT = iphoneos;
				VALIDATE_PRODUCT = YES;
			};
			name = Release;
		};
		6248B1E11B41F59700395006 /* Debug */ = {
			isa = XCBuildConfiguration;
			baseConfigurationReference = 4FFB4BA3BAD3694420DFAACC /* Pods-CodingChallengeSmule.debug.xcconfig */;
			buildSettings = {
				ASSETCATALOG_COMPILER_APPICON_NAME = AppIcon;
				INFOPLIST_FILE = CodingChallengeSmule/Info.plist;
				LD_RUNPATH_SEARCH_PATHS = "$(inherited) @executable_path/Frameworks";
				PRODUCT_NAME = "$(TARGET_NAME)";
			};
			name = Debug;
		};
		6248B1E21B41F59700395006 /* Release */ = {
			isa = XCBuildConfiguration;
			baseConfigurationReference = EE11A15E65B7BB031F385B12 /* Pods-CodingChallengeSmule.release.xcconfig */;
			buildSettings = {
				ASSETCATALOG_COMPILER_APPICON_NAME = AppIcon;
				INFOPLIST_FILE = CodingChallengeSmule/Info.plist;
				LD_RUNPATH_SEARCH_PATHS = "$(inherited) @executable_path/Frameworks";
				PRODUCT_NAME = "$(TARGET_NAME)";
			};
			name = Release;
		};
		6248B1E41B41F59700395006 /* Debug */ = {
			isa = XCBuildConfiguration;
			buildSettings = {
				BUNDLE_LOADER = "$(TEST_HOST)";
				FRAMEWORK_SEARCH_PATHS = (
					"$(SDKROOT)/Developer/Library/Frameworks",
					"$(inherited)",
				);
				GCC_PREPROCESSOR_DEFINITIONS = (
					"DEBUG=1",
					"$(inherited)",
				);
				INFOPLIST_FILE = CodingChallengeSmuleTests/Info.plist;
				LD_RUNPATH_SEARCH_PATHS = "$(inherited) @executable_path/Frameworks @loader_path/Frameworks";
				PRODUCT_NAME = "$(TARGET_NAME)";
				TEST_HOST = "$(BUILT_PRODUCTS_DIR)/CodingChallengeSmule.app/CodingChallengeSmule";
			};
			name = Debug;
		};
		6248B1E51B41F59700395006 /* Release */ = {
			isa = XCBuildConfiguration;
			buildSettings = {
				BUNDLE_LOADER = "$(TEST_HOST)";
				FRAMEWORK_SEARCH_PATHS = (
					"$(SDKROOT)/Developer/Library/Frameworks",
					"$(inherited)",
				);
				INFOPLIST_FILE = CodingChallengeSmuleTests/Info.plist;
				LD_RUNPATH_SEARCH_PATHS = "$(inherited) @executable_path/Frameworks @loader_path/Frameworks";
				PRODUCT_NAME = "$(TARGET_NAME)";
				TEST_HOST = "$(BUILT_PRODUCTS_DIR)/CodingChallengeSmule.app/CodingChallengeSmule";
			};
			name = Release;
		};
/* End XCBuildConfiguration section */

/* Begin XCConfigurationList section */
		6248B1B51B41F59700395006 /* Build configuration list for PBXProject "CodingChallengeSmule" */ = {
			isa = XCConfigurationList;
			buildConfigurations = (
				6248B1DE1B41F59700395006 /* Debug */,
				6248B1DF1B41F59700395006 /* Release */,
			);
			defaultConfigurationIsVisible = 0;
			defaultConfigurationName = Release;
		};
		6248B1E01B41F59700395006 /* Build configuration list for PBXNativeTarget "CodingChallengeSmule" */ = {
			isa = XCConfigurationList;
			buildConfigurations = (
				6248B1E11B41F59700395006 /* Debug */,
				6248B1E21B41F59700395006 /* Release */,
			);
			defaultConfigurationIsVisible = 0;
			defaultConfigurationName = Release;
		};
		6248B1E31B41F59700395006 /* Build configuration list for PBXNativeTarget "CodingChallengeSmuleTests" */ = {
			isa = XCConfigurationList;
			buildConfigurations = (
				6248B1E41B41F59700395006 /* Debug */,
				6248B1E51B41F59700395006 /* Release */,
			);
			defaultConfigurationIsVisible = 0;
			defaultConfigurationName = Release;
		};
/* End XCConfigurationList section */

/* Begin XCVersionGroup section */
		6248B1C41B41F59700395006 /* CodingChallengeSmule.xcdatamodeld */ = {
			isa = XCVersionGroup;
			children = (
				6248B1C51B41F59700395006 /* CodingChallengeSmule.xcdatamodel */,
			);
			currentVersion = 6248B1C51B41F59700395006 /* CodingChallengeSmule.xcdatamodel */;
			path = CodingChallengeSmule.xcdatamodeld;
			sourceTree = "<group>";
			versionGroupType = wrapper.xcdatamodel;
		};
/* End XCVersionGroup section */
	};
	rootObject = 6248B1B21B41F59700395006 /* Project object */;
}
